
Microsoft Visual Studio Solution File, Format Version 12.00
# Visual Studio Version 17
VisualStudioVersion = 17.5.33627.172
MinimumVisualStudioVersion = 10.0.40219.1
Project("{FAE04EC0-301F-11D3-BF4B-00C04F79EFBC}") = "maldsScheduler", "maldsScheduler.csproj", "{467675B2-A9B6-4BCA-B8FC-E705EFCA8A69}"
EndProject
Global
	GlobalSection(SolutionConfigurationPlatforms) = preSolution
		Debug|Any CPU = Debug|Any CPU
		Release|Any CPU = Release|Any CPU
	EndGlobalSection
	GlobalSection(ProjectConfigurationPlatforms) = postSolution
		{467675B2-A9B6-4BCA-B8FC-E705EFCA8A69}.Debug|Any CPU.ActiveCfg = Debug|Any CPU
		{467675B2-A9B6-4BCA-B8FC-E705EFCA8A69}.Debug|Any CPU.Build.0 = Debug|Any CPU
		{467675B2-A9B6-4BCA-B8FC-E705EFCA8A69}.Release|Any CPU.ActiveCfg = Release|Any CPU
		{467675B2-A9B6-4BCA-B8FC-E705EFCA8A69}.Release|Any CPU.Build.0 = Release|Any CPU
	EndGlobalSection
	GlobalSection(SolutionProperties) = preSolution
		HideSolutionNode = FALSE
	EndGlobalSection
	GlobalSection(ExtensibilityGlobals) = postSolution
		SolutionGuid = {BD886792-9035-4F23-A1AD-BF4E04A8312D}
	EndGlobalSection
EndGlobal
